
Microsoft Visual Studio Solution File, Format Version 12.00
# Visual Studio Version 16
VisualStudioVersion = 16.0.31112.23
MinimumVisualStudioVersion = 10.0.40219.1
Project("{FAE04EC0-301F-11D3-BF4B-00C04F79EFBC}") = "Front", "Front\Front.csproj", "{4D95E036-EA34-483B-BE5F-DA2F331AADEE}"
EndProject
Global
	GlobalSection(SolutionConfigurationPlatforms) = preSolution
		Debug|Any CPU = Debug|Any CPU
		Release|Any CPU = Release|Any CPU
	EndGlobalSection
	GlobalSection(ProjectConfigurationPlatforms) = postSolution
		{4D95E036-EA34-483B-BE5F-DA2F331AADEE}.Debug|Any CPU.ActiveCfg = Debug|Any CPU
		{4D95E036-EA34-483B-BE5F-DA2F331AADEE}.Debug|Any CPU.Build.0 = Debug|Any CPU
		{4D95E036-EA34-483B-BE5F-DA2F331AADEE}.Release|Any CPU.ActiveCfg = Release|Any CPU
		{4D95E036-EA34-483B-BE5F-DA2F331AADEE}.Release|Any CPU.Build.0 = Release|Any CPU
	EndGlobalSection
	GlobalSection(SolutionProperties) = preSolution
		HideSolutionNode = FALSE
	EndGlobalSection
	GlobalSection(ExtensibilityGlobals) = postSolution
		SolutionGuid = {003BE466-4031-4A7B-ACA7-0801F49BEE60}
	EndGlobalSection
EndGlobal
